
Microsoft Visual Studio Solution File, Format Version 12.00
Project("{2150E333-8FDC-42A3-9474-1A3956D46DE8}") = "Infrastructure", "Infrastructure", "{890E09D4-EB56-47BF-8149-E99232541B92}"
EndProject
Project("{2150E333-8FDC-42A3-9474-1A3956D46DE8}") = "Application", "Application", "{355234C5-016B-484A-8D99-51772B10ADD8}"
EndProject
Project("{2150E333-8FDC-42A3-9474-1A3956D46DE8}") = "Domain", "Domain", "{A91824B5-7B17-416A-A7DD-A91960E4AE73}"
EndProject
Project("{FAE04EC0-301F-11D3-BF4B-00C04F79EFBC}") = "Domain", "Domain\Domain.csproj", "{D39578A0-7E89-45CB-88D1-9E992A2A5060}"
EndProject
Project("{FAE04EC0-301F-11D3-BF4B-00C04F79EFBC}") = "APP", "APP\APP.csproj", "{1AEA7C6B-E924-4D6A-8695-C59FDFAEA63B}"
EndProject
Project("{FAE04EC0-301F-11D3-BF4B-00C04F79EFBC}") = "DATA", "DATA\DATA.csproj", "{421133DC-0FF5-420E-939F-B624A36F9D87}"
EndProject
Project("{FAE04EC0-301F-11D3-BF4B-00C04F79EFBC}") = "API", "API\API.csproj", "{2569EDA1-6B1F-4008-94F0-5D8613D1BB16}"
EndProject
Global
	GlobalSection(SolutionConfigurationPlatforms) = preSolution
		Debug|Any CPU = Debug|Any CPU
		Release|Any CPU = Release|Any CPU
	EndGlobalSection
	GlobalSection(ProjectConfigurationPlatforms) = postSolution
		{D39578A0-7E89-45CB-88D1-9E992A2A5060}.Debug|Any CPU.ActiveCfg = Debug|Any CPU
		{D39578A0-7E89-45CB-88D1-9E992A2A5060}.Debug|Any CPU.Build.0 = Debug|Any CPU
		{D39578A0-7E89-45CB-88D1-9E992A2A5060}.Release|Any CPU.ActiveCfg = Release|Any CPU
		{D39578A0-7E89-45CB-88D1-9E992A2A5060}.Release|Any CPU.Build.0 = Release|Any CPU
		{1AEA7C6B-E924-4D6A-8695-C59FDFAEA63B}.Debug|Any CPU.ActiveCfg = Debug|Any CPU
		{1AEA7C6B-E924-4D6A-8695-C59FDFAEA63B}.Debug|Any CPU.Build.0 = Debug|Any CPU
		{1AEA7C6B-E924-4D6A-8695-C59FDFAEA63B}.Release|Any CPU.ActiveCfg = Release|Any CPU
		{1AEA7C6B-E924-4D6A-8695-C59FDFAEA63B}.Release|Any CPU.Build.0 = Release|Any CPU
		{421133DC-0FF5-420E-939F-B624A36F9D87}.Debug|Any CPU.ActiveCfg = Debug|Any CPU
		{421133DC-0FF5-420E-939F-B624A36F9D87}.Debug|Any CPU.Build.0 = Debug|Any CPU
		{421133DC-0FF5-420E-939F-B624A36F9D87}.Release|Any CPU.ActiveCfg = Release|Any CPU
		{421133DC-0FF5-420E-939F-B624A36F9D87}.Release|Any CPU.Build.0 = Release|Any CPU
		{2569EDA1-6B1F-4008-94F0-5D8613D1BB16}.Debug|Any CPU.ActiveCfg = Debug|Any CPU
		{2569EDA1-6B1F-4008-94F0-5D8613D1BB16}.Debug|Any CPU.Build.0 = Debug|Any CPU
		{2569EDA1-6B1F-4008-94F0-5D8613D1BB16}.Release|Any CPU.ActiveCfg = Release|Any CPU
		{2569EDA1-6B1F-4008-94F0-5D8613D1BB16}.Release|Any CPU.Build.0 = Release|Any CPU
	EndGlobalSection
	GlobalSection(NestedProjects) = preSolution
		{D39578A0-7E89-45CB-88D1-9E992A2A5060} = {A91824B5-7B17-416A-A7DD-A91960E4AE73}
		{1AEA7C6B-E924-4D6A-8695-C59FDFAEA63B} = {355234C5-016B-484A-8D99-51772B10ADD8}
		{421133DC-0FF5-420E-939F-B624A36F9D87} = {890E09D4-EB56-47BF-8149-E99232541B92}
		{2569EDA1-6B1F-4008-94F0-5D8613D1BB16} = {890E09D4-EB56-47BF-8149-E99232541B92}
	EndGlobalSection
EndGlobal
